
Microsoft Visual Studio Solution File, Format Version 12.00
# Visual Studio Version 16
VisualStudioVersion = 16.0.29209.152
MinimumVisualStudioVersion = 10.0.40219.1
Project("{FAE04EC0-301F-11D3-BF4B-00C04F79EFBC}") = "Uplift", "Uplift\Uplift.csproj", "{85687335-6C9F-4DF9-BA04-264D5A22FBC5}"
EndProject
Global
	GlobalSection(SolutionConfigurationPlatforms) = preSolution
		Debug|Any CPU = Debug|Any CPU
		Release|Any CPU = Release|Any CPU
	EndGlobalSection
	GlobalSection(ProjectConfigurationPlatforms) = postSolution
		{85687335-6C9F-4DF9-BA04-264D5A22FBC5}.Debug|Any CPU.ActiveCfg = Debug|Any CPU
		{85687335-6C9F-4DF9-BA04-264D5A22FBC5}.Debug|Any CPU.Build.0 = Debug|Any CPU
		{85687335-6C9F-4DF9-BA04-264D5A22FBC5}.Release|Any CPU.ActiveCfg = Release|Any CPU
		{85687335-6C9F-4DF9-BA04-264D5A22FBC5}.Release|Any CPU.Build.0 = Release|Any CPU
	EndGlobalSection
	GlobalSection(SolutionProperties) = preSolution
		HideSolutionNode = FALSE
	EndGlobalSection
	GlobalSection(ExtensibilityGlobals) = postSolution
		SolutionGuid = {98AB0D1C-7991-4D1D-8A0F-4C9F8F886DC3}
	EndGlobalSection
EndGlobal
